
Microsoft Visual Studio Solution File, Format Version 12.00
# Visual Studio Version 16
VisualStudioVersion = 16.0.30907.101
MinimumVisualStudioVersion = 10.0.40219.1
Project("{FAE04EC0-301F-11D3-BF4B-00C04F79EFBC}") = "PPPD_API", "PPPD_API\PPPD_API.csproj", "{46FFDE02-3AC9-4342-A184-D78D59B9ADFA}"
EndProject
Global
	GlobalSection(SolutionConfigurationPlatforms) = preSolution
		Debug|Any CPU = Debug|Any CPU
		Release|Any CPU = Release|Any CPU
	EndGlobalSection
	GlobalSection(ProjectConfigurationPlatforms) = postSolution
		{46FFDE02-3AC9-4342-A184-D78D59B9ADFA}.Debug|Any CPU.ActiveCfg = Debug|Any CPU
		{46FFDE02-3AC9-4342-A184-D78D59B9ADFA}.Debug|Any CPU.Build.0 = Debug|Any CPU
		{46FFDE02-3AC9-4342-A184-D78D59B9ADFA}.Release|Any CPU.ActiveCfg = Release|Any CPU
		{46FFDE02-3AC9-4342-A184-D78D59B9ADFA}.Release|Any CPU.Build.0 = Release|Any CPU
	EndGlobalSection
	GlobalSection(SolutionProperties) = preSolution
		HideSolutionNode = FALSE
	EndGlobalSection
	GlobalSection(ExtensibilityGlobals) = postSolution
		SolutionGuid = {6EA62D83-6EA2-4D0F-B563-78DFEABF2E06}
	EndGlobalSection
EndGlobal
